
Microsoft Visual Studio Solution File, Format Version 12.00
# Visual Studio Version 17
VisualStudioVersion = 17.8.34309.116
MinimumVisualStudioVersion = 10.0.40219.1
Project("{FAE04EC0-301F-11D3-BF4B-00C04F79EFBC}") = "gitspeedrun", "gitspeedrun\gitspeedrun.csproj", "{75D99702-C186-4985-98A9-5E3492BF8A1C}"
EndProject
Global
	GlobalSection(SolutionConfigurationPlatforms) = preSolution
		Debug|Any CPU = Debug|Any CPU
		Release|Any CPU = Release|Any CPU
	EndGlobalSection
	GlobalSection(ProjectConfigurationPlatforms) = postSolution
		{75D99702-C186-4985-98A9-5E3492BF8A1C}.Debug|Any CPU.ActiveCfg = Debug|Any CPU
		{75D99702-C186-4985-98A9-5E3492BF8A1C}.Debug|Any CPU.Build.0 = Debug|Any CPU
		{75D99702-C186-4985-98A9-5E3492BF8A1C}.Release|Any CPU.ActiveCfg = Release|Any CPU
		{75D99702-C186-4985-98A9-5E3492BF8A1C}.Release|Any CPU.Build.0 = Release|Any CPU
	EndGlobalSection
	GlobalSection(SolutionProperties) = preSolution
		HideSolutionNode = FALSE
	EndGlobalSection
	GlobalSection(ExtensibilityGlobals) = postSolution
		SolutionGuid = {03A65497-7B78-4D36-ABC5-D2556B80ADCF}
	EndGlobalSection
EndGlobal
